
Microsoft Visual Studio Solution File, Format Version 12.00
# Visual Studio 15
VisualStudioVersion = 15.0.25807.0
MinimumVisualStudioVersion = 10.0.40219.1
Project("{2150E333-8FDC-42A3-9474-1A3956D46DE8}") = "Engine", "Engine", "{FBC2CBDC-E6A5-4D56-9840-C653DF73B148}"
EndProject
Project("{2150E333-8FDC-42A3-9474-1A3956D46DE8}") = "Games", "Games", "{F86DA424-52AC-40E9-92D9-081548EC3CEA}"
EndProject
Project("{8BC9CEB8-8B4A-11D0-8D11-00A0C91BC942}") = "UE4", "Intermediate\ProjectFiles\UE4.vcxproj", "{8B4D9DF3-1481-4417-BDDC-77DE771ACC88}"
EndProject
Project("{8BC9CEB8-8B4A-11D0-8D11-00A0C91BC942}") = "FadeObjects", "Intermediate\ProjectFiles\FadeObjects.vcxproj", "{91231723-7F0E-4931-80C1-4B33A6D569A9}"
EndProject
Global
	GlobalSection(SolutionConfigurationPlatforms) = preSolution
		DebugGame Editor|Win32 = DebugGame Editor|Win32
		DebugGame Editor|Win64 = DebugGame Editor|Win64
		DebugGame|Win32 = DebugGame|Win32
		DebugGame|Win64 = DebugGame|Win64
		Development Editor|Win32 = Development Editor|Win32
		Development Editor|Win64 = Development Editor|Win64
		Development|Win32 = Development|Win32
		Development|Win64 = Development|Win64
		Shipping|Win32 = Shipping|Win32
		Shipping|Win64 = Shipping|Win64
	EndGlobalSection
	GlobalSection(ProjectConfigurationPlatforms) = postSolution
		{8B4D9DF3-1481-4417-BDDC-77DE771ACC88}.DebugGame Editor|Win32.ActiveCfg = BuiltWithUnrealBuildTool|Win32
		{8B4D9DF3-1481-4417-BDDC-77DE771ACC88}.DebugGame Editor|Win32.Build.0 = BuiltWithUnrealBuildTool|Win32
		{8B4D9DF3-1481-4417-BDDC-77DE771ACC88}.DebugGame Editor|Win64.ActiveCfg = BuiltWithUnrealBuildTool|Win32
		{8B4D9DF3-1481-4417-BDDC-77DE771ACC88}.DebugGame Editor|Win64.Build.0 = BuiltWithUnrealBuildTool|Win32
		{8B4D9DF3-1481-4417-BDDC-77DE771ACC88}.DebugGame|Win32.ActiveCfg = BuiltWithUnrealBuildTool|Win32
		{8B4D9DF3-1481-4417-BDDC-77DE771ACC88}.DebugGame|Win32.Build.0 = BuiltWithUnrealBuildTool|Win32
		{8B4D9DF3-1481-4417-BDDC-77DE771ACC88}.DebugGame|Win64.ActiveCfg = BuiltWithUnrealBuildTool|Win32
		{8B4D9DF3-1481-4417-BDDC-77DE771ACC88}.DebugGame|Win64.Build.0 = BuiltWithUnrealBuildTool|Win32
		{8B4D9DF3-1481-4417-BDDC-77DE771ACC88}.Development Editor|Win32.ActiveCfg = BuiltWithUnrealBuildTool|Win32
		{8B4D9DF3-1481-4417-BDDC-77DE771ACC88}.Development Editor|Win32.Build.0 = BuiltWithUnrealBuildTool|Win32
		{8B4D9DF3-1481-4417-BDDC-77DE771ACC88}.Development Editor|Win64.ActiveCfg = BuiltWithUnrealBuildTool|Win32
		{8B4D9DF3-1481-4417-BDDC-77DE771ACC88}.Development Editor|Win64.Build.0 = BuiltWithUnrealBuildTool|Win32
		{8B4D9DF3-1481-4417-BDDC-77DE771ACC88}.Development|Win32.ActiveCfg = BuiltWithUnrealBuildTool|Win32
		{8B4D9DF3-1481-4417-BDDC-77DE771ACC88}.Development|Win32.Build.0 = BuiltWithUnrealBuildTool|Win32
		{8B4D9DF3-1481-4417-BDDC-77DE771ACC88}.Development|Win64.ActiveCfg = BuiltWithUnrealBuildTool|Win32
		{8B4D9DF3-1481-4417-BDDC-77DE771ACC88}.Development|Win64.Build.0 = BuiltWithUnrealBuildTool|Win32
		{8B4D9DF3-1481-4417-BDDC-77DE771ACC88}.Shipping|Win32.ActiveCfg = BuiltWithUnrealBuildTool|Win32
		{8B4D9DF3-1481-4417-BDDC-77DE771ACC88}.Shipping|Win32.Build.0 = BuiltWithUnrealBuildTool|Win32
		{8B4D9DF3-1481-4417-BDDC-77DE771ACC88}.Shipping|Win64.ActiveCfg = BuiltWithUnrealBuildTool|Win32
		{8B4D9DF3-1481-4417-BDDC-77DE771ACC88}.Shipping|Win64.Build.0 = BuiltWithUnrealBuildTool|Win32
		{91231723-7F0E-4931-80C1-4B33A6D569A9}.DebugGame Editor|Win32.ActiveCfg = DebugGame_Editor|Win32
		{91231723-7F0E-4931-80C1-4B33A6D569A9}.DebugGame Editor|Win64.ActiveCfg = DebugGame_Editor|x64
		{91231723-7F0E-4931-80C1-4B33A6D569A9}.DebugGame Editor|Win64.Build.0 = DebugGame_Editor|x64
		{91231723-7F0E-4931-80C1-4B33A6D569A9}.DebugGame|Win32.ActiveCfg = DebugGame_Game|Win32
		{91231723-7F0E-4931-80C1-4B33A6D569A9}.DebugGame|Win32.Build.0 = DebugGame_Game|Win32
		{91231723-7F0E-4931-80C1-4B33A6D569A9}.DebugGame|Win64.ActiveCfg = DebugGame_Game|x64
		{91231723-7F0E-4931-80C1-4B33A6D569A9}.DebugGame|Win64.Build.0 = DebugGame_Game|x64
		{91231723-7F0E-4931-80C1-4B33A6D569A9}.Development Editor|Win32.ActiveCfg = Development_Editor|Win32
		{91231723-7F0E-4931-80C1-4B33A6D569A9}.Development Editor|Win64.ActiveCfg = Development_Editor|x64
		{91231723-7F0E-4931-80C1-4B33A6D569A9}.Development Editor|Win64.Build.0 = Development_Editor|x64
		{91231723-7F0E-4931-80C1-4B33A6D569A9}.Development|Win32.ActiveCfg = Development_Game|Win32
		{91231723-7F0E-4931-80C1-4B33A6D569A9}.Development|Win32.Build.0 = Development_Game|Win32
		{91231723-7F0E-4931-80C1-4B33A6D569A9}.Development|Win64.ActiveCfg = Development_Game|x64
		{91231723-7F0E-4931-80C1-4B33A6D569A9}.Development|Win64.Build.0 = Development_Game|x64
		{91231723-7F0E-4931-80C1-4B33A6D569A9}.Shipping|Win32.ActiveCfg = Shipping_Game|Win32
		{91231723-7F0E-4931-80C1-4B33A6D569A9}.Shipping|Win32.Build.0 = Shipping_Game|Win32
		{91231723-7F0E-4931-80C1-4B33A6D569A9}.Shipping|Win64.ActiveCfg = Shipping_Game|x64
		{91231723-7F0E-4931-80C1-4B33A6D569A9}.Shipping|Win64.Build.0 = Shipping_Game|x64
	EndGlobalSection
	GlobalSection(SolutionProperties) = preSolution
		HideSolutionNode = FALSE
	EndGlobalSection
	GlobalSection(NestedProjects) = preSolution
		{8B4D9DF3-1481-4417-BDDC-77DE771ACC88} = {FBC2CBDC-E6A5-4D56-9840-C653DF73B148}
		{91231723-7F0E-4931-80C1-4B33A6D569A9} = {F86DA424-52AC-40E9-92D9-081548EC3CEA}
	EndGlobalSection
	GlobalSection(ExtensibilityGlobals) = postSolution
		SolutionGuid = {BD0A7D5A-E665-4865-84BF-054763CE475F}
	EndGlobalSection
EndGlobal
